// !$*UTF8*$!
{
	archiveVersion = 1;
	classes = {
	};
	objectVersion = 55;
	objects = {

/* Begin PBXBuildFile section */
		830D7CDC2721FC03003CAE70 /* AppDelegate.swift in Sources */ = {isa = PBXBuildFile; fileRef = 830D7CDB2721FC03003CAE70 /* AppDelegate.swift */; };
		830D7CDE2721FC03003CAE70 /* SceneDelegate.swift in Sources */ = {isa = PBXBuildFile; fileRef = 830D7CDD2721FC03003CAE70 /* SceneDelegate.swift */; };
		830D7CE32721FC03003CAE70 /* Main.storyboard in Resources */ = {isa = PBXBuildFile; fileRef = 830D7CE12721FC03003CAE70 /* Main.storyboard */; };
		830D7CE52721FC06003CAE70 /* Assets.xcassets in Resources */ = {isa = PBXBuildFile; fileRef = 830D7CE42721FC06003CAE70 /* Assets.xcassets */; };
		830D7CE82721FC06003CAE70 /* LaunchScreen.storyboard in Resources */ = {isa = PBXBuildFile; fileRef = 830D7CE62721FC06003CAE70 /* LaunchScreen.storyboard */; };
		8332638327230A9D0055EF2D /* ViewController.swift in Sources */ = {isa = PBXBuildFile; fileRef = 830D7CDF2721FC03003CAE70 /* ViewController.swift */; };
		835E34842726980E0022BA75 /* Card.swift in Sources */ = {isa = PBXBuildFile; fileRef = 835E34832726980E0022BA75 /* Card.swift */; };
		835E3486272698B80022BA75 /* ConcentrationGame.swift in Sources */ = {isa = PBXBuildFile; fileRef = 835E3485272698B80022BA75 /* ConcentrationGame.swift */; };
/* End PBXBuildFile section */

/* Begin PBXFileReference section */
		830D7CD82721FC03003CAE70 /* Stanford.app */ = {isa = PBXFileReference; explicitFileType = wrapper.application; includeInIndex = 0; path = Stanford.app; sourceTree = BUILT_PRODUCTS_DIR; };
		830D7CDB2721FC03003CAE70 /* AppDelegate.swift */ = {isa = PBXFileReference; lastKnownFileType = sourcecode.swift; path = AppDelegate.swift; sourceTree = "<group>"; };
		830D7CDD2721FC03003CAE70 /* SceneDelegate.swift */ = {isa = PBXFileReference; lastKnownFileType = sourcecode.swift; path = SceneDelegate.swift; sourceTree = "<group>"; };
		830D7CDF2721FC03003CAE70 /* ViewController.swift */ = {isa = PBXFileReference; indentWidth = 1; lastKnownFileType = sourcecode.swift; path = ViewController.swift; sourceTree = "<group>"; tabWidth = 1; wrapsLines = 1; };
		830D7CE22721FC03003CAE70 /* Base */ = {isa = PBXFileReference; lastKnownFileType = file.storyboard; name = Base; path = Base.lproj/Main.storyboard; sourceTree = "<group>"; };
		830D7CE42721FC06003CAE70 /* Assets.xcassets */ = {isa = PBXFileReference; lastKnownFileType = folder.assetcatalog; path = Assets.xcassets; sourceTree = "<group>"; };
		830D7CE72721FC06003CAE70 /* Base */ = {isa = PBXFileReference; lastKnownFileType = file.storyboard; name = Base; path = Base.lproj/LaunchScreen.storyboard; sourceTree = "<group>"; };
		830D7CE92721FC06003CAE70 /* Info.plist */ = {isa = PBXFileReference; lastKnownFileType = text.plist.xml; path = Info.plist; sourceTree = "<group>"; };
		835E34832726980E0022BA75 /* Card.swift */ = {isa = PBXFileReference; lastKnownFileType = sourcecode.swift; path = Card.swift; sourceTree = "<group>"; };
		835E3485272698B80022BA75 /* ConcentrationGame.swift */ = {isa = PBXFileReference; lastKnownFileType = sourcecode.swift; path = ConcentrationGame.swift; sourceTree = "<group>"; };
/* End PBXFileReference section */

/* Begin PBXFrameworksBuildPhase section */
		830D7CD52721FC03003CAE70 /* Frameworks */ = {
			isa = PBXFrameworksBuildPhase;
			buildActionMask = 2147483647;
			files = (
			);
			runOnlyForDeploymentPostprocessing = 0;
		};
/* End PBXFrameworksBuildPhase section */

/* Begin PBXGroup section */
		830D7CCF2721FC03003CAE70 = {
			isa = PBXGroup;
			children = (
				835E3485272698B80022BA75 /* ConcentrationGame.swift */,
				835E34832726980E0022BA75 /* Card.swift */,
				830D7CDA2721FC03003CAE70 /* Stanford */,
				830D7CD92721FC03003CAE70 /* Products */,
			);
			sourceTree = "<group>";
		};
		830D7CD92721FC03003CAE70 /* Products */ = {
			isa = PBXGroup;
			children = (
				830D7CD82721FC03003CAE70 /* Stanford.app */,
			);
			name = Products;
			sourceTree = "<group>";
		};
		830D7CDA2721FC03003CAE70 /* Stanford */ = {
			isa = PBXGroup;
			children = (
				830D7CDB2721FC03003CAE70 /* AppDelegate.swift */,
				830D7CDD2721FC03003CAE70 /* SceneDelegate.swift */,
				830D7CDF2721FC03003CAE70 /* ViewController.swift */,
				830D7CE12721FC03003CAE70 /* Main.storyboard */,
				830D7CE42721FC06003CAE70 /* Assets.xcassets */,
				830D7CE62721FC06003CAE70 /* LaunchScreen.storyboard */,
				830D7CE92721FC06003CAE70 /* Info.plist */,
			);
			path = Stanford;
			sourceTree = "<group>";
		};
/* End PBXGroup section */

/* Begin PBXNativeTarget section */
		830D7CD72721FC03003CAE70 /* Stanford */ = {
			isa = PBXNativeTarget;
			buildConfigurationList = 830D7CEC2721FC06003CAE70 /* Build configuration list for PBXNativeTarget "Stanford" */;
			buildPhases = (
				830D7CD42721FC03003CAE70 /* Sources */,
				830D7CD52721FC03003CAE70 /* Frameworks */,
				830D7CD62721FC03003CAE70 /* Resources */,
			);
			buildRules = (
			);
			dependencies = (
			);
			name = Stanford;
			productName = Stanford;
			productReference = 830D7CD82721FC03003CAE70 /* Stanford.app */;
			productType = "com.apple.product-type.application";
		};
/* End PBXNativeTarget section */

/* Begin PBXProject section */
		830D7CD02721FC03003CAE70 /* Project object */ = {
			isa = PBXProject;
			attributes = {
				BuildIndependentTargetsInParallel = 1;
				LastSwiftUpdateCheck = 1300;
				LastUpgradeCheck = 1300;
				TargetAttributes = {
					830D7CD72721FC03003CAE70 = {
						CreatedOnToolsVersion = 13.0;
					};
				};
			};
			buildConfigurationList = 830D7CD32721FC03003CAE70 /* Build configuration list for PBXProject "Stanford" */;
			compatibilityVersion = "Xcode 13.0";
			developmentRegion = en;
			hasScannedForEncodings = 0;
			knownRegions = (
				en,
				Base,
			);
			mainGroup = 830D7CCF2721FC03003CAE70;
			productRefGroup = 830D7CD92721FC03003CAE70 /* Products */;
			projectDirPath = "";
			projectRoot = "";
			targets = (
				830D7CD72721FC03003CAE70 /* Stanford */,
			);
		};
/* End PBXProject section */

/* Begin PBXResourcesBuildPhase section */
		830D7CD62721FC03003CAE70 /* Resources */ = {
			isa = PBXResourcesBuildPhase;
			buildActionMask = 2147483647;
			files = (
				830D7CE82721FC06003CAE70 /* LaunchScreen.storyboard in Resources */,
				830D7CE52721FC06003CAE70 /* Assets.xcassets in Resources */,
				830D7CE32721FC03003CAE70 /* Main.storyboard in Resources */,
			);
			runOnlyForDeploymentPostprocessing = 0;
		};
/* End PBXResourcesBuildPhase section */

/* Begin PBXSourcesBuildPhase section */
		830D7CD42721FC03003CAE70 /* Sources */ = {
			isa = PBXSourcesBuildPhase;
			buildActionMask = 2147483647;
			files = (
				8332638327230A9D0055EF2D /* ViewController.swift in Sources */,
				830D7CDC2721FC03003CAE70 /* AppDelegate.swift in Sources */,
				835E3486272698B80022BA75 /* ConcentrationGame.swift in Sources */,
				830D7CDE2721FC03003CAE70 /* SceneDelegate.swift in Sources */,
				835E34842726980E0022BA75 /* Card.swift in Sources */,
			);
			runOnlyForDeploymentPostprocessing = 0;
		};
/* End PBXSourcesBuildPhase section */

/* Begin PBXVariantGroup section */
		830D7CE12721FC03003CAE70 /* Main.storyboard */ = {
			isa = PBXVariantGroup;
			children = (
				830D7CE22721FC03003CAE70 /* Base */,
			);
			name = Main.storyboard;
			sourceTree = "<group>";
		};
		830D7CE62721FC06003CAE70 /* LaunchScreen.storyboard */ = {
			isa = PBXVariantGroup;
			children = (
				830D7CE72721FC06003CAE70 /* Base */,
			);
			name = LaunchScreen.storyboard;
			sourceTree = "<group>";
		};
/* End PBXVariantGroup section */

/* Begin XCBuildConfiguration section */
		830D7CEA2721FC06003CAE70 /* Debug */ = {
			isa = XCBuildConfiguration;
			buildSettings = {
				ALWAYS_SEARCH_USER_PATHS = NO;
				CLANG_ANALYZER_NONNULL = YES;
				CLANG_ANALYZER_NUMBER_OBJECT_CONVERSION = YES_AGGRESSIVE;
				CLANG_CXX_LANGUAGE_STANDARD = "gnu++17";
				CLANG_CXX_LIBRARY = "libc++";
				CLANG_ENABLE_MODULES = YES;
				CLANG_ENABLE_OBJC_ARC = YES;
				CLANG_ENABLE_OBJC_WEAK = YES;
				CLANG_WARN_BLOCK_CAPTURE_AUTORELEASING = YES;
				CLANG_WARN_BOOL_CONVERSION = YES;
				CLANG_WARN_COMMA = YES;
				CLANG_WARN_CONSTANT_CONVERSION = YES;
				CLANG_WARN_DEPRECATED_OBJC_IMPLEMENTATIONS = YES;
				CLANG_WARN_DIRECT_OBJC_ISA_USAGE = YES_ERROR;
				CLANG_WARN_DOCUMENTATION_COMMENTS = YES;
				CLANG_WARN_EMPTY_BODY = YES;
				CLANG_WARN_ENUM_CONVERSION = YES;
				CLANG_WARN_INFINITE_RECURSION = YES;
				CLANG_WARN_INT_CONVERSION = YES;
				CLANG_WARN_NON_LITERAL_NULL_CONVERSION = YES;
				CLANG_WARN_OBJC_IMPLICIT_RETAIN_SELF = YES;
				CLANG_WARN_OBJC_LITERAL_CONVERSION = YES;
				CLANG_WARN_OBJC_ROOT_CLASS = YES_ERROR;
				CLANG_WARN_QUOTED_INCLUDE_IN_FRAMEWORK_HEADER = YES;
				CLANG_WARN_RANGE_LOOP_ANALYSIS = YES;
				CLANG_WARN_STRICT_PROTOTYPES = YES;
				CLANG_WARN_SUSPICIOUS_MOVE = YES;
				CLANG_WARN_UNGUARDED_AVAILABILITY = YES_AGGRESSIVE;
				CLANG_WARN_UNREACHABLE_CODE = YES;
				CLANG_WARN__DUPLICATE_METHOD_MATCH = YES;
				COPY_PHASE_STRIP = NO;
				DEBUG_INFORMATION_FORMAT = dwarf;
				ENABLE_STRICT_OBJC_MSGSEND = YES;
				ENABLE_TESTABILITY = YES;
				GCC_C_LANGUAGE_STANDARD = gnu11;
				GCC_DYNAMIC_NO_PIC = NO;
				GCC_NO_COMMON_BLOCKS = YES;
				GCC_OPTIMIZATION_LEVEL = 0;
				GCC_PREPROCESSOR_DEFINITIONS = (
					"DEBUG=1",
					"$(inherited)",
				);
				GCC_WARN_64_TO_32_BIT_CONVERSION = YES;
				GCC_WARN_ABOUT_RETURN_TYPE = YES_ERROR;
				GCC_WARN_UNDECLARED_SELECTOR = YES;
				GCC_WARN_UNINITIALIZED_AUTOS = YES_AGGRESSIVE;
				GCC_WARN_UNUSED_FUNCTION = YES;
				GCC_WARN_UNUSED_VARIABLE = YES;
				IPHONEOS_DEPLOYMENT_TARGET = 13.0;
				MTL_ENABLE_DEBUG_INFO = INCLUDE_SOURCE;
				MTL_FAST_MATH = YES;
				ONLY_ACTIVE_ARCH = YES;
				SDKROOT = iphoneos;
				SWIFT_ACTIVE_COMPILATION_CONDITIONS = DEBUG;
				SWIFT_OPTIMIZATION_LEVEL = "-Onone";
			};
			name = Debug;
		};
		830D7CEB2721FC06003CAE70 /* Release */ = {
			isa = XCBuildConfiguration;
			buildSettings = {
				ALWAYS_SEARCH_USER_PATHS = NO;
				CLANG_ANALYZER_NONNULL = YES;
				CLANG_ANALYZER_NUMBER_OBJECT_CONVERSION = YES_AGGRESSIVE;
				CLANG_CXX_LANGUAGE_STANDARD = "gnu++17";
				CLANG_CXX_LIBRARY = "libc++";
				CLANG_ENABLE_MODULES = YES;
				CLANG_ENABLE_OBJC_ARC = YES;
				CLANG_ENABLE_OBJC_WEAK = YES;
				CLANG_WARN_BLOCK_CAPTURE_AUTORELEASING = YES;
				CLANG_WARN_BOOL_CONVERSION = YES;
				CLANG_WARN_COMMA = YES;
				CLANG_WARN_CONSTANT_CONVERSION = YES;
				CLANG_WARN_DEPRECATED_OBJC_IMPLEMENTATIONS = YES;
				CLANG_WARN_DIRECT_OBJC_ISA_USAGE = YES_ERROR;
				CLANG_WARN_DOCUMENTATION_COMMENTS = YES;
				CLANG_WARN_EMPTY_BODY = YES;
				CLANG_WARN_ENUM_CONVERSION = YES;
				CLANG_WARN_INFINITE_RECURSION = YES;
				CLANG_WARN_INT_CONVERSION = YES;
				CLANG_WARN_NON_LITERAL_NULL_CONVERSION = YES;
				CLANG_WARN_OBJC_IMPLICIT_RETAIN_SELF = YES;
				CLANG_WARN_OBJC_LITERAL_CONVERSION = YES;
				CLANG_WARN_OBJC_ROOT_CLASS = YES_ERROR;
				CLANG_WARN_QUOTED_INCLUDE_IN_FRAMEWORK_HEADER = YES;
				CLANG_WARN_RANGE_LOOP_ANALYSIS = YES;
				CLANG_WARN_STRICT_PROTOTYPES = YES;
				CLANG_WARN_SUSPICIOUS_MOVE = YES;
				CLANG_WARN_UNGUARDED_AVAILABILITY = YES_AGGRESSIVE;
				CLANG_WARN_UNREACHABLE_CODE = YES;
				CLANG_WARN__DUPLICATE_METHOD_MATCH = YES;
				COPY_PHASE_STRIP = NO;
				DEBUG_INFORMATION_FORMAT = "dwarf-with-dsym";
				ENABLE_NS_ASSERTIONS = NO;
				ENABLE_STRICT_OBJC_MSGSEND = YES;
				GCC_C_LANGUAGE_STANDARD = gnu11;
				GCC_NO_COMMON_BLOCKS = YES;
				GCC_WARN_64_TO_32_BIT_CONVERSION = YES;
				GCC_WARN_ABOUT_RETURN_TYPE = YES_ERROR;
				GCC_WARN_UNDECLARED_SELECTOR = YES;
				GCC_WARN_UNINITIALIZED_AUTOS = YES_AGGRESSIVE;
				GCC_WARN_UNUSED_FUNCTION = YES;
				GCC_WARN_UNUSED_VARIABLE = YES;
				IPHONEOS_DEPLOYMENT_TARGET = 13.0;
				MTL_ENABLE_DEBUG_INFO = NO;
				MTL_FAST_MATH = YES;
				SDKROOT = iphoneos;
				SWIFT_COMPILATION_MODE = wholemodule;
				SWIFT_OPTIMIZATION_LEVEL = "-O";
				VALIDATE_PRODUCT = YES;
			};
			name = Release;
		};
		830D7CED2721FC06003CAE70 /* Debug */ = {
			isa = XCBuildConfiguration;
			buildSettings = {
				ASSETCATALOG_COMPILER_APPICON_NAME = AppIcon;
				ASSETCATALOG_COMPILER_GLOBAL_ACCENT_COLOR_NAME = AccentColor;
				CODE_SIGN_STYLE = Automatic;
				CURRENT_PROJECT_VERSION = 1;
				DEVELOPMENT_TEAM = 23L3N5QDC7;
				GENERATE_INFOPLIST_FILE = YES;
				INFOPLIST_FILE = Stanford/Info.plist;
				INFOPLIST_KEY_CFBundleDisplayName = stanford;
				INFOPLIST_KEY_UIApplicationSupportsIndirectInputEvents = YES;
				INFOPLIST_KEY_UILaunchStoryboardName = LaunchScreen;
				INFOPLIST_KEY_UIMainStoryboardFile = Main;
				INFOPLIST_KEY_UISupportedInterfaceOrientations_iPad = "UIInterfaceOrientationPortrait UIInterfaceOrientationPortraitUpsideDown UIInterfaceOrientationLandscapeLeft UIInterfaceOrientationLandscapeRight";
				INFOPLIST_KEY_UISupportedInterfaceOrientations_iPhone = "UIInterfaceOrientationPortrait UIInterfaceOrientationLandscapeLeft UIInterfaceOrientationLandscapeRight";
				IPHONEOS_DEPLOYMENT_TARGET = 13.0;
				LD_RUNPATH_SEARCH_PATHS = (
					"$(inherited)",
					"@executable_path/Frameworks",
				);
				MARKETING_VERSION = 1.0;
				PRODUCT_BUNDLE_IDENTIFIER = qwerty.Stanford;
				PRODUCT_NAME = "$(TARGET_NAME)";
				SWIFT_EMIT_LOC_STRINGS = YES;
				SWIFT_VERSION = 5.0;
				TARGETED_DEVICE_FAMILY = 1;
			};
			name = Debug;
		};
		830D7CEE2721FC06003CAE70 /* Release */ = {
			isa = XCBuildConfiguration;
			buildSettings = {
				ASSETCATALOG_COMPILER_APPICON_NAME = AppIcon;
				ASSETCATALOG_COMPILER_GLOBAL_ACCENT_COLOR_NAME = AccentColor;
				CODE_SIGN_STYLE = Automatic;
				CURRENT_PROJECT_VERSION = 1;
				DEVELOPMENT_TEAM = 23L3N5QDC7;
				GENERATE_INFOPLIST_FILE = YES;
				INFOPLIST_FILE = Stanford/Info.plist;
				INFOPLIST_KEY_CFBundleDisplayName = stanford;
				INFOPLIST_KEY_UIApplicationSupportsIndirectInputEvents = YES;
				INFOPLIST_KEY_UILaunchStoryboardName = LaunchScreen;
				INFOPLIST_KEY_UIMainStoryboardFile = Main;
				INFOPLIST_KEY_UISupportedInterfaceOrientations_iPad = "UIInterfaceOrientationPortrait UIInterfaceOrientationPortraitUpsideDown UIInterfaceOrientationLandscapeLeft UIInterfaceOrientationLandscapeRight";
				INFOPLIST_KEY_UISupportedInterfaceOrientations_iPhone = "UIInterfaceOrientationPortrait UIInterfaceOrientationLandscapeLeft UIInterfaceOrientationLandscapeRight";
				IPHONEOS_DEPLOYMENT_TARGET = 13.0;
				LD_RUNPATH_SEARCH_PATHS = (
					"$(inherited)",
					"@executable_path/Frameworks",
				);
				MARKETING_VERSION = 1.0;
				PRODUCT_BUNDLE_IDENTIFIER = qwerty.Stanford;
				PRODUCT_NAME = "$(TARGET_NAME)";
				SWIFT_EMIT_LOC_STRINGS = YES;
				SWIFT_VERSION = 5.0;
				TARGETED_DEVICE_FAMILY = 1;
			};
			name = Release;
		};
/* End XCBuildConfiguration section */

/* Begin XCConfigurationList section */
		830D7CD32721FC03003CAE70 /* Build configuration list for PBXProject "Stanford" */ = {
			isa = XCConfigurationList;
			buildConfigurations = (
				830D7CEA2721FC06003CAE70 /* Debug */,
				830D7CEB2721FC06003CAE70 /* Release */,
			);
			defaultConfigurationIsVisible = 0;
			defaultConfigurationName = Release;
		};
		830D7CEC2721FC06003CAE70 /* Build configuration list for PBXNativeTarget "Stanford" */ = {
			isa = XCConfigurationList;
			buildConfigurations = (
				830D7CED2721FC06003CAE70 /* Debug */,
				830D7CEE2721FC06003CAE70 /* Release */,
			);
			defaultConfigurationIsVisible = 0;
			defaultConfigurationName = Release;
		};
/* End XCConfigurationList section */
	};
	rootObject = 830D7CD02721FC03003CAE70 /* Project object */;
}
